// !$*UTF8*$!
{
	archiveVersion = 1;
	classes = {
	};
	objectVersion = 50;
	objects = {

/* Begin PBXBuildFile section */
		1A7803A826AB9D4F004B6E51 /* PaperScissorsRockApp.swift in Sources */ = {isa = PBXBuildFile; fileRef = 1A7803A726AB9D4F004B6E51 /* PaperScissorsRockApp.swift */; };
		1A7803AA26AB9D4F004B6E51 /* ContentView.swift in Sources */ = {isa = PBXBuildFile; fileRef = 1A7803A926AB9D4F004B6E51 /* ContentView.swift */; };
		1A7803AC26AB9D51004B6E51 /* Assets.xcassets in Resources */ = {isa = PBXBuildFile; fileRef = 1A7803AB26AB9D51004B6E51 /* Assets.xcassets */; };
		1A7803AF26AB9D51004B6E51 /* Preview Assets.xcassets in Resources */ = {isa = PBXBuildFile; fileRef = 1A7803AE26AB9D51004B6E51 /* Preview Assets.xcassets */; };
		1A7803BA26AB9D51004B6E51 /* PaperScissorsRockTests.swift in Sources */ = {isa = PBXBuildFile; fileRef = 1A7803B926AB9D51004B6E51 /* PaperScissorsRockTests.swift */; };
		1A7803C526AB9D51004B6E51 /* PaperScissorsRockUITests.swift in Sources */ = {isa = PBXBuildFile; fileRef = 1A7803C426AB9D51004B6E51 /* PaperScissorsRockUITests.swift */; };
/* End PBXBuildFile section */

/* Begin PBXContainerItemProxy section */
		1A7803B626AB9D51004B6E51 /* PBXContainerItemProxy */ = {
			isa = PBXContainerItemProxy;
			containerPortal = 1A78039C26AB9D4F004B6E51 /* Project object */;
			proxyType = 1;
			remoteGlobalIDString = 1A7803A326AB9D4F004B6E51;
			remoteInfo = PaperScissorsRock;
		};
		1A7803C126AB9D51004B6E51 /* PBXContainerItemProxy */ = {
			isa = PBXContainerItemProxy;
			containerPortal = 1A78039C26AB9D4F004B6E51 /* Project object */;
			proxyType = 1;
			remoteGlobalIDString = 1A7803A326AB9D4F004B6E51;
			remoteInfo = PaperScissorsRock;
		};
/* End PBXContainerItemProxy section */

/* Begin PBXFileReference section */
		1A7803A426AB9D4F004B6E51 /* PaperScissorsRock.app */ = {isa = PBXFileReference; explicitFileType = wrapper.application; includeInIndex = 0; path = PaperScissorsRock.app; sourceTree = BUILT_PRODUCTS_DIR; };
		1A7803A726AB9D4F004B6E51 /* PaperScissorsRockApp.swift */ = {isa = PBXFileReference; lastKnownFileType = sourcecode.swift; path = PaperScissorsRockApp.swift; sourceTree = "<group>"; };
		1A7803A926AB9D4F004B6E51 /* ContentView.swift */ = {isa = PBXFileReference; lastKnownFileType = sourcecode.swift; path = ContentView.swift; sourceTree = "<group>"; };
		1A7803AB26AB9D51004B6E51 /* Assets.xcassets */ = {isa = PBXFileReference; lastKnownFileType = folder.assetcatalog; path = Assets.xcassets; sourceTree = "<group>"; };
		1A7803AE26AB9D51004B6E51 /* Preview Assets.xcassets */ = {isa = PBXFileReference; lastKnownFileType = folder.assetcatalog; path = "Preview Assets.xcassets"; sourceTree = "<group>"; };
		1A7803B026AB9D51004B6E51 /* Info.plist */ = {isa = PBXFileReference; lastKnownFileType = text.plist.xml; path = Info.plist; sourceTree = "<group>"; };
		1A7803B526AB9D51004B6E51 /* PaperScissorsRockTests.xctest */ = {isa = PBXFileReference; explicitFileType = wrapper.cfbundle; includeInIndex = 0; path = PaperScissorsRockTests.xctest; sourceTree = BUILT_PRODUCTS_DIR; };
		1A7803B926AB9D51004B6E51 /* PaperScissorsRockTests.swift */ = {isa = PBXFileReference; lastKnownFileType = sourcecode.swift; path = PaperScissorsRockTests.swift; sourceTree = "<group>"; };
		1A7803BB26AB9D51004B6E51 /* Info.plist */ = {isa = PBXFileReference; lastKnownFileType = text.plist.xml; path = Info.plist; sourceTree = "<group>"; };
		1A7803C026AB9D51004B6E51 /* PaperScissorsRockUITests.xctest */ = {isa = PBXFileReference; explicitFileType = wrapper.cfbundle; includeInIndex = 0; path = PaperScissorsRockUITests.xctest; sourceTree = BUILT_PRODUCTS_DIR; };
		1A7803C426AB9D51004B6E51 /* PaperScissorsRockUITests.swift */ = {isa = PBXFileReference; lastKnownFileType = sourcecode.swift; path = PaperScissorsRockUITests.swift; sourceTree = "<group>"; };
		1A7803C626AB9D51004B6E51 /* Info.plist */ = {isa = PBXFileReference; lastKnownFileType = text.plist.xml; path = Info.plist; sourceTree = "<group>"; };
/* End PBXFileReference section */

/* Begin PBXFrameworksBuildPhase section */
		1A7803A126AB9D4F004B6E51 /* Frameworks */ = {
			isa = PBXFrameworksBuildPhase;
			buildActionMask = 2147483647;
			files = (
			);
			runOnlyForDeploymentPostprocessing = 0;
		};
		1A7803B226AB9D51004B6E51 /* Frameworks */ = {
			isa = PBXFrameworksBuildPhase;
			buildActionMask = 2147483647;
			files = (
			);
			runOnlyForDeploymentPostprocessing = 0;
		};
		1A7803BD26AB9D51004B6E51 /* Frameworks */ = {
			isa = PBXFrameworksBuildPhase;
			buildActionMask = 2147483647;
			files = (
			);
			runOnlyForDeploymentPostprocessing = 0;
		};
/* End PBXFrameworksBuildPhase section */

/* Begin PBXGroup section */
		1A78039B26AB9D4F004B6E51 = {
			isa = PBXGroup;
			children = (
				1A7803A626AB9D4F004B6E51 /* PaperScissorsRock */,
				1A7803B826AB9D51004B6E51 /* PaperScissorsRockTests */,
				1A7803C326AB9D51004B6E51 /* PaperScissorsRockUITests */,
				1A7803A526AB9D4F004B6E51 /* Products */,
			);
			sourceTree = "<group>";
		};
		1A7803A526AB9D4F004B6E51 /* Products */ = {
			isa = PBXGroup;
			children = (
				1A7803A426AB9D4F004B6E51 /* PaperScissorsRock.app */,
				1A7803B526AB9D51004B6E51 /* PaperScissorsRockTests.xctest */,
				1A7803C026AB9D51004B6E51 /* PaperScissorsRockUITests.xctest */,
			);
			name = Products;
			sourceTree = "<group>";
		};
		1A7803A626AB9D4F004B6E51 /* PaperScissorsRock */ = {
			isa = PBXGroup;
			children = (
				1A7803A726AB9D4F004B6E51 /* PaperScissorsRockApp.swift */,
				1A7803A926AB9D4F004B6E51 /* ContentView.swift */,
				1A7803AB26AB9D51004B6E51 /* Assets.xcassets */,
				1A7803B026AB9D51004B6E51 /* Info.plist */,
				1A7803AD26AB9D51004B6E51 /* Preview Content */,
			);
			path = PaperScissorsRock;
			sourceTree = "<group>";
		};
		1A7803AD26AB9D51004B6E51 /* Preview Content */ = {
			isa = PBXGroup;
			children = (
				1A7803AE26AB9D51004B6E51 /* Preview Assets.xcassets */,
			);
			path = "Preview Content";
			sourceTree = "<group>";
		};
		1A7803B826AB9D51004B6E51 /* PaperScissorsRockTests */ = {
			isa = PBXGroup;
			children = (
				1A7803B926AB9D51004B6E51 /* PaperScissorsRockTests.swift */,
				1A7803BB26AB9D51004B6E51 /* Info.plist */,
			);
			path = PaperScissorsRockTests;
			sourceTree = "<group>";
		};
		1A7803C326AB9D51004B6E51 /* PaperScissorsRockUITests */ = {
			isa = PBXGroup;
			children = (
				1A7803C426AB9D51004B6E51 /* PaperScissorsRockUITests.swift */,
				1A7803C626AB9D51004B6E51 /* Info.plist */,
			);
			path = PaperScissorsRockUITests;
			sourceTree = "<group>";
		};
/* End PBXGroup section */

/* Begin PBXNativeTarget section */
		1A7803A326AB9D4F004B6E51 /* PaperScissorsRock */ = {
			isa = PBXNativeTarget;
			buildConfigurationList = 1A7803C926AB9D51004B6E51 /* Build configuration list for PBXNativeTarget "PaperScissorsRock" */;
			buildPhases = (
				1A7803A026AB9D4F004B6E51 /* Sources */,
				1A7803A126AB9D4F004B6E51 /* Frameworks */,
				1A7803A226AB9D4F004B6E51 /* Resources */,
			);
			buildRules = (
			);
			dependencies = (
			);
			name = PaperScissorsRock;
			productName = PaperScissorsRock;
			productReference = 1A7803A426AB9D4F004B6E51 /* PaperScissorsRock.app */;
			productType = "com.apple.product-type.application";
		};
		1A7803B426AB9D51004B6E51 /* PaperScissorsRockTests */ = {
			isa = PBXNativeTarget;
			buildConfigurationList = 1A7803CC26AB9D51004B6E51 /* Build configuration list for PBXNativeTarget "PaperScissorsRockTests" */;
			buildPhases = (
				1A7803B126AB9D51004B6E51 /* Sources */,
				1A7803B226AB9D51004B6E51 /* Frameworks */,
				1A7803B326AB9D51004B6E51 /* Resources */,
			);
			buildRules = (
			);
			dependencies = (
				1A7803B726AB9D51004B6E51 /* PBXTargetDependency */,
			);
			name = PaperScissorsRockTests;
			productName = PaperScissorsRockTests;
			productReference = 1A7803B526AB9D51004B6E51 /* PaperScissorsRockTests.xctest */;
			productType = "com.apple.product-type.bundle.unit-test";
		};
		1A7803BF26AB9D51004B6E51 /* PaperScissorsRockUITests */ = {
			isa = PBXNativeTarget;
			buildConfigurationList = 1A7803CF26AB9D51004B6E51 /* Build configuration list for PBXNativeTarget "PaperScissorsRockUITests" */;
			buildPhases = (
				1A7803BC26AB9D51004B6E51 /* Sources */,
				1A7803BD26AB9D51004B6E51 /* Frameworks */,
				1A7803BE26AB9D51004B6E51 /* Resources */,
			);
			buildRules = (
			);
			dependencies = (
				1A7803C226AB9D51004B6E51 /* PBXTargetDependency */,
			);
			name = PaperScissorsRockUITests;
			productName = PaperScissorsRockUITests;
			productReference = 1A7803C026AB9D51004B6E51 /* PaperScissorsRockUITests.xctest */;
			productType = "com.apple.product-type.bundle.ui-testing";
		};
/* End PBXNativeTarget section */

/* Begin PBXProject section */
		1A78039C26AB9D4F004B6E51 /* Project object */ = {
			isa = PBXProject;
			attributes = {
				LastSwiftUpdateCheck = 1240;
				LastUpgradeCheck = 1240;
				TargetAttributes = {
					1A7803A326AB9D4F004B6E51 = {
						CreatedOnToolsVersion = 12.4;
					};
					1A7803B426AB9D51004B6E51 = {
						CreatedOnToolsVersion = 12.4;
						TestTargetID = 1A7803A326AB9D4F004B6E51;
					};
					1A7803BF26AB9D51004B6E51 = {
						CreatedOnToolsVersion = 12.4;
						TestTargetID = 1A7803A326AB9D4F004B6E51;
					};
				};
			};
			buildConfigurationList = 1A78039F26AB9D4F004B6E51 /* Build configuration list for PBXProject "PaperScissorsRock" */;
			compatibilityVersion = "Xcode 9.3";
			developmentRegion = en;
			hasScannedForEncodings = 0;
			knownRegions = (
				en,
				Base,
			);
			mainGroup = 1A78039B26AB9D4F004B6E51;
			productRefGroup = 1A7803A526AB9D4F004B6E51 /* Products */;
			projectDirPath = "";
			projectRoot = "";
			targets = (
				1A7803A326AB9D4F004B6E51 /* PaperScissorsRock */,
				1A7803B426AB9D51004B6E51 /* PaperScissorsRockTests */,
				1A7803BF26AB9D51004B6E51 /* PaperScissorsRockUITests */,
			);
		};
/* End PBXProject section */

/* Begin PBXResourcesBuildPhase section */
		1A7803A226AB9D4F004B6E51 /* Resources */ = {
			isa = PBXResourcesBuildPhase;
			buildActionMask = 2147483647;
			files = (
				1A7803AF26AB9D51004B6E51 /* Preview Assets.xcassets in Resources */,
				1A7803AC26AB9D51004B6E51 /* Assets.xcassets in Resources */,
			);
			runOnlyForDeploymentPostprocessing = 0;
		};
		1A7803B326AB9D51004B6E51 /* Resources */ = {
			isa = PBXResourcesBuildPhase;
			buildActionMask = 2147483647;
			files = (
			);
			runOnlyForDeploymentPostprocessing = 0;
		};
		1A7803BE26AB9D51004B6E51 /* Resources */ = {
			isa = PBXResourcesBuildPhase;
			buildActionMask = 2147483647;
			files = (
			);
			runOnlyForDeploymentPostprocessing = 0;
		};
/* End PBXResourcesBuildPhase section */

/* Begin PBXSourcesBuildPhase section */
		1A7803A026AB9D4F004B6E51 /* Sources */ = {
			isa = PBXSourcesBuildPhase;
			buildActionMask = 2147483647;
			files = (
				1A7803AA26AB9D4F004B6E51 /* ContentView.swift in Sources */,
				1A7803A826AB9D4F004B6E51 /* PaperScissorsRockApp.swift in Sources */,
			);
			runOnlyForDeploymentPostprocessing = 0;
		};
		1A7803B126AB9D51004B6E51 /* Sources */ = {
			isa = PBXSourcesBuildPhase;
			buildActionMask = 2147483647;
			files = (
				1A7803BA26AB9D51004B6E51 /* PaperScissorsRockTests.swift in Sources */,
			);
			runOnlyForDeploymentPostprocessing = 0;
		};
		1A7803BC26AB9D51004B6E51 /* Sources */ = {
			isa = PBXSourcesBuildPhase;
			buildActionMask = 2147483647;
			files = (
				1A7803C526AB9D51004B6E51 /* PaperScissorsRockUITests.swift in Sources */,
			);
			runOnlyForDeploymentPostprocessing = 0;
		};
/* End PBXSourcesBuildPhase section */

/* Begin PBXTargetDependency section */
		1A7803B726AB9D51004B6E51 /* PBXTargetDependency */ = {
			isa = PBXTargetDependency;
			target = 1A7803A326AB9D4F004B6E51 /* PaperScissorsRock */;
			targetProxy = 1A7803B626AB9D51004B6E51 /* PBXContainerItemProxy */;
		};
		1A7803C226AB9D51004B6E51 /* PBXTargetDependency */ = {
			isa = PBXTargetDependency;
			target = 1A7803A326AB9D4F004B6E51 /* PaperScissorsRock */;
			targetProxy = 1A7803C126AB9D51004B6E51 /* PBXContainerItemProxy */;
		};
/* End PBXTargetDependency section */

/* Begin XCBuildConfiguration section */
		1A7803C726AB9D51004B6E51 /* Debug */ = {
			isa = XCBuildConfiguration;
			buildSettings = {
				ALWAYS_SEARCH_USER_PATHS = NO;
				CLANG_ANALYZER_NONNULL = YES;
				CLANG_ANALYZER_NUMBER_OBJECT_CONVERSION = YES_AGGRESSIVE;
				CLANG_CXX_LANGUAGE_STANDARD = "gnu++14";
				CLANG_CXX_LIBRARY = "libc++";
				CLANG_ENABLE_MODULES = YES;
				CLANG_ENABLE_OBJC_ARC = YES;
				CLANG_ENABLE_OBJC_WEAK = YES;
				CLANG_WARN_BLOCK_CAPTURE_AUTORELEASING = YES;
				CLANG_WARN_BOOL_CONVERSION = YES;
				CLANG_WARN_COMMA = YES;
				CLANG_WARN_CONSTANT_CONVERSION = YES;
				CLANG_WARN_DEPRECATED_OBJC_IMPLEMENTATIONS = YES;
				CLANG_WARN_DIRECT_OBJC_ISA_USAGE = YES_ERROR;
				CLANG_WARN_DOCUMENTATION_COMMENTS = YES;
				CLANG_WARN_EMPTY_BODY = YES;
				CLANG_WARN_ENUM_CONVERSION = YES;
				CLANG_WARN_INFINITE_RECURSION = YES;
				CLANG_WARN_INT_CONVERSION = YES;
				CLANG_WARN_NON_LITERAL_NULL_CONVERSION = YES;
				CLANG_WARN_OBJC_IMPLICIT_RETAIN_SELF = YES;
				CLANG_WARN_OBJC_LITERAL_CONVERSION = YES;
				CLANG_WARN_OBJC_ROOT_CLASS = YES_ERROR;
				CLANG_WARN_QUOTED_INCLUDE_IN_FRAMEWORK_HEADER = YES;
				CLANG_WARN_RANGE_LOOP_ANALYSIS = YES;
				CLANG_WARN_STRICT_PROTOTYPES = YES;
				CLANG_WARN_SUSPICIOUS_MOVE = YES;
				CLANG_WARN_UNGUARDED_AVAILABILITY = YES_AGGRESSIVE;
				CLANG_WARN_UNREACHABLE_CODE = YES;
				CLANG_WARN__DUPLICATE_METHOD_MATCH = YES;
				COPY_PHASE_STRIP = NO;
				DEBUG_INFORMATION_FORMAT = dwarf;
				ENABLE_STRICT_OBJC_MSGSEND = YES;
				ENABLE_TESTABILITY = YES;
				GCC_C_LANGUAGE_STANDARD = gnu11;
				GCC_DYNAMIC_NO_PIC = NO;
				GCC_NO_COMMON_BLOCKS = YES;
				GCC_OPTIMIZATION_LEVEL = 0;
				GCC_PREPROCESSOR_DEFINITIONS = (
					"DEBUG=1",
					"$(inherited)",
				);
				GCC_WARN_64_TO_32_BIT_CONVERSION = YES;
				GCC_WARN_ABOUT_RETURN_TYPE = YES_ERROR;
				GCC_WARN_UNDECLARED_SELECTOR = YES;
				GCC_WARN_UNINITIALIZED_AUTOS = YES_AGGRESSIVE;
				GCC_WARN_UNUSED_FUNCTION = YES;
				GCC_WARN_UNUSED_VARIABLE = YES;
				IPHONEOS_DEPLOYMENT_TARGET = 14.4;
				MTL_ENABLE_DEBUG_INFO = INCLUDE_SOURCE;
				MTL_FAST_MATH = YES;
				ONLY_ACTIVE_ARCH = YES;
				SDKROOT = iphoneos;
				SWIFT_ACTIVE_COMPILATION_CONDITIONS = DEBUG;
				SWIFT_OPTIMIZATION_LEVEL = "-Onone";
			};
			name = Debug;
		};
		1A7803C826AB9D51004B6E51 /* Release */ = {
			isa = XCBuildConfiguration;
			buildSettings = {
				ALWAYS_SEARCH_USER_PATHS = NO;
				CLANG_ANALYZER_NONNULL = YES;
				CLANG_ANALYZER_NUMBER_OBJECT_CONVERSION = YES_AGGRESSIVE;
				CLANG_CXX_LANGUAGE_STANDARD = "gnu++14";
				CLANG_CXX_LIBRARY = "libc++";
				CLANG_ENABLE_MODULES = YES;
				CLANG_ENABLE_OBJC_ARC = YES;
				CLANG_ENABLE_OBJC_WEAK = YES;
				CLANG_WARN_BLOCK_CAPTURE_AUTORELEASING = YES;
				CLANG_WARN_BOOL_CONVERSION = YES;
				CLANG_WARN_COMMA = YES;
				CLANG_WARN_CONSTANT_CONVERSION = YES;
				CLANG_WARN_DEPRECATED_OBJC_IMPLEMENTATIONS = YES;
				CLANG_WARN_DIRECT_OBJC_ISA_USAGE = YES_ERROR;
				CLANG_WARN_DOCUMENTATION_COMMENTS = YES;
				CLANG_WARN_EMPTY_BODY = YES;
				CLANG_WARN_ENUM_CONVERSION = YES;
				CLANG_WARN_INFINITE_RECURSION = YES;
				CLANG_WARN_INT_CONVERSION = YES;
				CLANG_WARN_NON_LITERAL_NULL_CONVERSION = YES;
				CLANG_WARN_OBJC_IMPLICIT_RETAIN_SELF = YES;
				CLANG_WARN_OBJC_LITERAL_CONVERSION = YES;
				CLANG_WARN_OBJC_ROOT_CLASS = YES_ERROR;
				CLANG_WARN_QUOTED_INCLUDE_IN_FRAMEWORK_HEADER = YES;
				CLANG_WARN_RANGE_LOOP_ANALYSIS = YES;
				CLANG_WARN_STRICT_PROTOTYPES = YES;
				CLANG_WARN_SUSPICIOUS_MOVE = YES;
				CLANG_WARN_UNGUARDED_AVAILABILITY = YES_AGGRESSIVE;
				CLANG_WARN_UNREACHABLE_CODE = YES;
				CLANG_WARN__DUPLICATE_METHOD_MATCH = YES;
				COPY_PHASE_STRIP = NO;
				DEBUG_INFORMATION_FORMAT = "dwarf-with-dsym";
				ENABLE_NS_ASSERTIONS = NO;
				ENABLE_STRICT_OBJC_MSGSEND = YES;
				GCC_C_LANGUAGE_STANDARD = gnu11;
				GCC_NO_COMMON_BLOCKS = YES;
				GCC_WARN_64_TO_32_BIT_CONVERSION = YES;
				GCC_WARN_ABOUT_RETURN_TYPE = YES_ERROR;
				GCC_WARN_UNDECLARED_SELECTOR = YES;
				GCC_WARN_UNINITIALIZED_AUTOS = YES_AGGRESSIVE;
				GCC_WARN_UNUSED_FUNCTION = YES;
				GCC_WARN_UNUSED_VARIABLE = YES;
				IPHONEOS_DEPLOYMENT_TARGET = 14.4;
				MTL_ENABLE_DEBUG_INFO = NO;
				MTL_FAST_MATH = YES;
				SDKROOT = iphoneos;
				SWIFT_COMPILATION_MODE = wholemodule;
				SWIFT_OPTIMIZATION_LEVEL = "-O";
				VALIDATE_PRODUCT = YES;
			};
			name = Release;
		};
		1A7803CA26AB9D51004B6E51 /* Debug */ = {
			isa = XCBuildConfiguration;
			buildSettings = {
				ASSETCATALOG_COMPILER_APPICON_NAME = AppIcon;
				ASSETCATALOG_COMPILER_GLOBAL_ACCENT_COLOR_NAME = AccentColor;
				CODE_SIGN_STYLE = Automatic;
				DEVELOPMENT_ASSET_PATHS = "\"PaperScissorsRock/Preview Content\"";
				ENABLE_PREVIEWS = YES;
				INFOPLIST_FILE = PaperScissorsRock/Info.plist;
				IPHONEOS_DEPLOYMENT_TARGET = 14.0;
				LD_RUNPATH_SEARCH_PATHS = (
					"$(inherited)",
					"@executable_path/Frameworks",
				);
				PRODUCT_BUNDLE_IDENTIFIER = "Tim-Randall.PaperScissorsRock";
				PRODUCT_NAME = "$(TARGET_NAME)";
				SWIFT_VERSION = 5.0;
				TARGETED_DEVICE_FAMILY = "1,2";
			};
			name = Debug;
		};
		1A7803CB26AB9D51004B6E51 /* Release */ = {
			isa = XCBuildConfiguration;
			buildSettings = {
				ASSETCATALOG_COMPILER_APPICON_NAME = AppIcon;
				ASSETCATALOG_COMPILER_GLOBAL_ACCENT_COLOR_NAME = AccentColor;
				CODE_SIGN_STYLE = Automatic;
				DEVELOPMENT_ASSET_PATHS = "\"PaperScissorsRock/Preview Content\"";
				ENABLE_PREVIEWS = YES;
				INFOPLIST_FILE = PaperScissorsRock/Info.plist;
				IPHONEOS_DEPLOYMENT_TARGET = 14.0;
				LD_RUNPATH_SEARCH_PATHS = (
					"$(inherited)",
					"@executable_path/Frameworks",
				);
				PRODUCT_BUNDLE_IDENTIFIER = "Tim-Randall.PaperScissorsRock";
				PRODUCT_NAME = "$(TARGET_NAME)";
				SWIFT_VERSION = 5.0;
				TARGETED_DEVICE_FAMILY = "1,2";
			};
			name = Release;
		};
		1A7803CD26AB9D51004B6E51 /* Debug */ = {
			isa = XCBuildConfiguration;
			buildSettings = {
				ALWAYS_EMBED_SWIFT_STANDARD_LIBRARIES = YES;
				BUNDLE_LOADER = "$(TEST_HOST)";
				CODE_SIGN_STYLE = Automatic;
				INFOPLIST_FILE = PaperScissorsRockTests/Info.plist;
				IPHONEOS_DEPLOYMENT_TARGET = 14.0;
				LD_RUNPATH_SEARCH_PATHS = (
					"$(inherited)",
					"@executable_path/Frameworks",
					"@loader_path/Frameworks",
				);
				PRODUCT_BUNDLE_IDENTIFIER = "Tim-Randall.PaperScissorsRockTests";
				PRODUCT_NAME = "$(TARGET_NAME)";
				SWIFT_VERSION = 5.0;
				TARGETED_DEVICE_FAMILY = "1,2";
				TEST_HOST = "$(BUILT_PRODUCTS_DIR)/PaperScissorsRock.app/PaperScissorsRock";
			};
			name = Debug;
		};
		1A7803CE26AB9D51004B6E51 /* Release */ = {
			isa = XCBuildConfiguration;
			buildSettings = {
				ALWAYS_EMBED_SWIFT_STANDARD_LIBRARIES = YES;
				BUNDLE_LOADER = "$(TEST_HOST)";
				CODE_SIGN_STYLE = Automatic;
				INFOPLIST_FILE = PaperScissorsRockTests/Info.plist;
				IPHONEOS_DEPLOYMENT_TARGET = 14.0;
				LD_RUNPATH_SEARCH_PATHS = (
					"$(inherited)",
					"@executable_path/Frameworks",
					"@loader_path/Frameworks",
				);
				PRODUCT_BUNDLE_IDENTIFIER = "Tim-Randall.PaperScissorsRockTests";
				PRODUCT_NAME = "$(TARGET_NAME)";
				SWIFT_VERSION = 5.0;
				TARGETED_DEVICE_FAMILY = "1,2";
				TEST_HOST = "$(BUILT_PRODUCTS_DIR)/PaperScissorsRock.app/PaperScissorsRock";
			};
			name = Release;
		};
		1A7803D026AB9D51004B6E51 /* Debug */ = {
			isa = XCBuildConfiguration;
			buildSettings = {
				ALWAYS_EMBED_SWIFT_STANDARD_LIBRARIES = YES;
				CODE_SIGN_STYLE = Automatic;
				INFOPLIST_FILE = PaperScissorsRockUITests/Info.plist;
				LD_RUNPATH_SEARCH_PATHS = (
					"$(inherited)",
					"@executable_path/Frameworks",
					"@loader_path/Frameworks",
				);
				PRODUCT_BUNDLE_IDENTIFIER = "Tim-Randall.PaperScissorsRockUITests";
				PRODUCT_NAME = "$(TARGET_NAME)";
				SWIFT_VERSION = 5.0;
				TARGETED_DEVICE_FAMILY = "1,2";
				TEST_TARGET_NAME = PaperScissorsRock;
			};
			name = Debug;
		};
		1A7803D126AB9D51004B6E51 /* Release */ = {
			isa = XCBuildConfiguration;
			buildSettings = {
				ALWAYS_EMBED_SWIFT_STANDARD_LIBRARIES = YES;
				CODE_SIGN_STYLE = Automatic;
				INFOPLIST_FILE = PaperScissorsRockUITests/Info.plist;
				LD_RUNPATH_SEARCH_PATHS = (
					"$(inherited)",
					"@executable_path/Frameworks",
					"@loader_path/Frameworks",
				);
				PRODUCT_BUNDLE_IDENTIFIER = "Tim-Randall.PaperScissorsRockUITests";
				PRODUCT_NAME = "$(TARGET_NAME)";
				SWIFT_VERSION = 5.0;
				TARGETED_DEVICE_FAMILY = "1,2";
				TEST_TARGET_NAME = PaperScissorsRock;
			};
			name = Release;
		};
/* End XCBuildConfiguration section */

/* Begin XCConfigurationList section */
		1A78039F26AB9D4F004B6E51 /* Build configuration list for PBXProject "PaperScissorsRock" */ = {
			isa = XCConfigurationList;
			buildConfigurations = (
				1A7803C726AB9D51004B6E51 /* Debug */,
				1A7803C826AB9D51004B6E51 /* Release */,
			);
			defaultConfigurationIsVisible = 0;
			defaultConfigurationName = Release;
		};
		1A7803C926AB9D51004B6E51 /* Build configuration list for PBXNativeTarget "PaperScissorsRock" */ = {
			isa = XCConfigurationList;
			buildConfigurations = (
				1A7803CA26AB9D51004B6E51 /* Debug */,
				1A7803CB26AB9D51004B6E51 /* Release */,
			);
			defaultConfigurationIsVisible = 0;
			defaultConfigurationName = Release;
		};
		1A7803CC26AB9D51004B6E51 /* Build configuration list for PBXNativeTarget "PaperScissorsRockTests" */ = {
			isa = XCConfigurationList;
			buildConfigurations = (
				1A7803CD26AB9D51004B6E51 /* Debug */,
				1A7803CE26AB9D51004B6E51 /* Release */,
			);
			defaultConfigurationIsVisible = 0;
			defaultConfigurationName = Release;
		};
		1A7803CF26AB9D51004B6E51 /* Build configuration list for PBXNativeTarget "PaperScissorsRockUITests" */ = {
			isa = XCConfigurationList;
			buildConfigurations = (
				1A7803D026AB9D51004B6E51 /* Debug */,
				1A7803D126AB9D51004B6E51 /* Release */,
			);
			defaultConfigurationIsVisible = 0;
			defaultConfigurationName = Release;
		};
/* End XCConfigurationList section */
	};
	rootObject = 1A78039C26AB9D4F004B6E51 /* Project object */;
}
